
Microsoft Visual Studio Solution File, Format Version 12.00
# Visual Studio Version 16
VisualStudioVersion = 16.0.35026.282
MinimumVisualStudioVersion = 10.0.40219.1
Project("{8BC9CEB8-8B4A-11D0-8D11-00A0C91BC942}") = "telebird", "telebird\telebird.vcxproj", "{0F1F0A22-869E-42F9-8086-A70F1E209DDD}"
EndProject
Project("{FAE04EC0-301F-11D3-BF4B-00C04F79EFBC}") = "telebird_tg", "telebird_tg\telebird_tg.csproj", "{4363A3C8-1859-4140-B146-7828162E1459}"
EndProject
Project("{8BC9CEB8-8B4A-11D0-8D11-00A0C91BC942}") = "LOL", "LOL\LOL.vcxproj", "{A6BF745B-D564-43B9-AA3D-A8DFBD1EE42D}"
EndProject
Project("{8BC9CEB8-8B4A-11D0-8D11-00A0C91BC942}") = "GID", "GID\GID.vcxproj", "{4B836296-186F-452D-B39B-1E72A467AA8E}"
EndProject
Project("{8BC9CEB8-8B4A-11D0-8D11-00A0C91BC942}") = "QID", "QID\QID.vcxproj", "{A66DE94F-AB13-48B7-B123-791EDC1AFABE}"
EndProject
Project("{FAE04EC0-301F-11D3-BF4B-00C04F79EFBC}") = "telebird2", "telebird2\telebird2.csproj", "{FE013ABB-BC2E-471C-8FBF-FA39DC330555}"
EndProject
Project("{9A19103F-16F7-4668-BE54-9A1E7A4F7556}") = "test", "test\test.csproj", "{BAB40764-1D0F-4A31-8915-E473264099C1}"
EndProject
Project("{8BC9CEB8-8B4A-11D0-8D11-00A0C91BC942}") = "ConsoleApplication1", "ConsoleApplication1\ConsoleApplication1.vcxproj", "{A96FFC7F-36F5-49AA-8042-ABCA1F804852}"
EndProject
Project("{FAE04EC0-301F-11D3-BF4B-00C04F79EFBC}") = "ConsoleApp1", "ConsoleApp1\ConsoleApp1.csproj", "{D0F13FDE-F4A1-4BF5-B4E3-6AC430143F29}"
EndProject
Project("{FAE04EC0-301F-11D3-BF4B-00C04F79EFBC}") = "telebird_dll", "telebird_dll\telebird_dll.csproj", "{E493EDF3-B055-4BDE-A31D-45A56B5997EE}"
EndProject
Project("{8BC9CEB8-8B4A-11D0-8D11-00A0C91BC942}") = "ConsoleApplication2", "ConsoleApplication2\ConsoleApplication2.vcxproj", "{06F6D6A0-6E3B-474D-916B-B2DB4235B925}"
EndProject
Project("{FAE04EC0-301F-11D3-BF4B-00C04F79EFBC}") = "test2", "test2\test2.csproj", "{6B9DBC9A-2CB5-40BB-81E2-3813BD03F1A2}"
EndProject
Project("{9A19103F-16F7-4668-BE54-9A1E7A4F7556}") = "test3", "test3\test3.csproj", "{2FE73DAB-03C0-488D-9DD0-64176BE3BFA0}"
EndProject
Project("{9A19103F-16F7-4668-BE54-9A1E7A4F7556}") = "Win7Test", "Win7Test\Win7Test.csproj", "{59865753-F4BE-41EF-8B9C-CD804309C4FB}"
EndProject
Project("{8BC9CEB8-8B4A-11D0-8D11-00A0C91BC942}") = "Messenger", "Messenger\Messenger.vcxproj", "{F81A2437-A847-4149-9C47-3F5710C67779}"
EndProject
Project("{F184B08F-C81C-45F6-A57F-5ABD9991F28F}") = "test5", "test5\test5.vbproj", "{4BB5D6F4-706F-41E7-86E0-A09B4D1A9888}"
EndProject
Project("{FAE04EC0-301F-11D3-BF4B-00C04F79EFBC}") = "test4", "test4\test4.csproj", "{003114B0-F9DD-4766-9999-841870B4C736}"
EndProject
Project("{FAE04EC0-301F-11D3-BF4B-00C04F79EFBC}") = "test6", "test6\test6.csproj", "{870C5693-C24D-4FE5-A134-E3D4F9E42C5C}"
EndProject
Project("{FAE04EC0-301F-11D3-BF4B-00C04F79EFBC}") = "telebird_plugin", "telebird_plugin\telebird_plugin.csproj", "{44C62174-6293-4251-8759-FDF3CFA7715E}"
EndProject
Project("{8BC9CEB8-8B4A-11D0-8D11-00A0C91BC942}") = "telebird_proxy", "telebird_proxy\telebird_proxy.vcxproj", "{16C4972B-D5DF-4D98-9146-D90B52809D71}"
EndProject
Project("{8BC9CEB8-8B4A-11D0-8D11-00A0C91BC942}") = "JS", "JS\JS.vcxproj", "{B8374716-B8A2-4EDA-9369-868FD79D1935}"
EndProject
Project("{8BC9CEB8-8B4A-11D0-8D11-00A0C91BC942}") = "JS2", "JS2\JS2.vcxproj", "{BAD72B89-50B5-45A0-85D7-239672FAF95F}"
EndProject
Project("{8BC9CEB8-8B4A-11D0-8D11-00A0C91BC942}") = "TeleClient", "TeleClient\TeleClient.vcxproj", "{F7953BF5-A5C3-4CD1-8B50-51A9D89E06A4}"
EndProject
Project("{8BC9CEB8-8B4A-11D0-8D11-00A0C91BC942}") = "TeleClientPS", "TeleClientPS\TeleClientPS.vcxproj", "{C9F7116D-19B7-48C3-9679-563EA5783F70}"
	ProjectSection(ProjectDependencies) = postProject
		{F7953BF5-A5C3-4CD1-8B50-51A9D89E06A4} = {F7953BF5-A5C3-4CD1-8B50-51A9D89E06A4}
	EndProjectSection
EndProject
Global
	GlobalSection(SolutionConfigurationPlatforms) = preSolution
		Debug|Any CPU = Debug|Any CPU
		Debug|x64 = Debug|x64
		Debug|x86 = Debug|x86
		Release|Any CPU = Release|Any CPU
		Release|x64 = Release|x64
		Release|x86 = Release|x86
	EndGlobalSection
	GlobalSection(ProjectConfigurationPlatforms) = postSolution
		{0F1F0A22-869E-42F9-8086-A70F1E209DDD}.Debug|Any CPU.ActiveCfg = Debug|Win32
		{0F1F0A22-869E-42F9-8086-A70F1E209DDD}.Debug|x64.ActiveCfg = Debug|x64
		{0F1F0A22-869E-42F9-8086-A70F1E209DDD}.Debug|x64.Build.0 = Debug|x64
		{0F1F0A22-869E-42F9-8086-A70F1E209DDD}.Debug|x86.ActiveCfg = Debug|Win32
		{0F1F0A22-869E-42F9-8086-A70F1E209DDD}.Debug|x86.Build.0 = Debug|Win32
		{0F1F0A22-869E-42F9-8086-A70F1E209DDD}.Release|Any CPU.ActiveCfg = Release|Win32
		{0F1F0A22-869E-42F9-8086-A70F1E209DDD}.Release|x64.ActiveCfg = Release|x64
		{0F1F0A22-869E-42F9-8086-A70F1E209DDD}.Release|x64.Build.0 = Release|x64
		{0F1F0A22-869E-42F9-8086-A70F1E209DDD}.Release|x86.ActiveCfg = Release|Win32
		{0F1F0A22-869E-42F9-8086-A70F1E209DDD}.Release|x86.Build.0 = Release|Win32
		{4363A3C8-1859-4140-B146-7828162E1459}.Debug|Any CPU.ActiveCfg = Debug|Any CPU
		{4363A3C8-1859-4140-B146-7828162E1459}.Debug|Any CPU.Build.0 = Debug|Any CPU
		{4363A3C8-1859-4140-B146-7828162E1459}.Debug|x64.ActiveCfg = Debug|Any CPU
		{4363A3C8-1859-4140-B146-7828162E1459}.Debug|x64.Build.0 = Debug|Any CPU
		{4363A3C8-1859-4140-B146-7828162E1459}.Debug|x86.ActiveCfg = Debug|Any CPU
		{4363A3C8-1859-4140-B146-7828162E1459}.Debug|x86.Build.0 = Debug|Any CPU
		{4363A3C8-1859-4140-B146-7828162E1459}.Release|Any CPU.ActiveCfg = Release|Any CPU
		{4363A3C8-1859-4140-B146-7828162E1459}.Release|Any CPU.Build.0 = Release|Any CPU
		{4363A3C8-1859-4140-B146-7828162E1459}.Release|x64.ActiveCfg = Release|Any CPU
		{4363A3C8-1859-4140-B146-7828162E1459}.Release|x64.Build.0 = Release|Any CPU
		{4363A3C8-1859-4140-B146-7828162E1459}.Release|x86.ActiveCfg = Release|Any CPU
		{4363A3C8-1859-4140-B146-7828162E1459}.Release|x86.Build.0 = Release|Any CPU
		{A6BF745B-D564-43B9-AA3D-A8DFBD1EE42D}.Debug|Any CPU.ActiveCfg = Debug|Win32
		{A6BF745B-D564-43B9-AA3D-A8DFBD1EE42D}.Debug|x64.ActiveCfg = Debug|x64
		{A6BF745B-D564-43B9-AA3D-A8DFBD1EE42D}.Debug|x64.Build.0 = Debug|x64
		{A6BF745B-D564-43B9-AA3D-A8DFBD1EE42D}.Debug|x86.ActiveCfg = Debug|Win32
		{A6BF745B-D564-43B9-AA3D-A8DFBD1EE42D}.Debug|x86.Build.0 = Debug|Win32
		{A6BF745B-D564-43B9-AA3D-A8DFBD1EE42D}.Release|Any CPU.ActiveCfg = Release|Win32
		{A6BF745B-D564-43B9-AA3D-A8DFBD1EE42D}.Release|x64.ActiveCfg = Release|x64
		{A6BF745B-D564-43B9-AA3D-A8DFBD1EE42D}.Release|x64.Build.0 = Release|x64
		{A6BF745B-D564-43B9-AA3D-A8DFBD1EE42D}.Release|x86.ActiveCfg = Release|Win32
		{A6BF745B-D564-43B9-AA3D-A8DFBD1EE42D}.Release|x86.Build.0 = Release|Win32
		{4B836296-186F-452D-B39B-1E72A467AA8E}.Debug|Any CPU.ActiveCfg = Debug|Win32
		{4B836296-186F-452D-B39B-1E72A467AA8E}.Debug|x64.ActiveCfg = Debug|x64
		{4B836296-186F-452D-B39B-1E72A467AA8E}.Debug|x64.Build.0 = Debug|x64
		{4B836296-186F-452D-B39B-1E72A467AA8E}.Debug|x86.ActiveCfg = Debug|Win32
		{4B836296-186F-452D-B39B-1E72A467AA8E}.Debug|x86.Build.0 = Debug|Win32
		{4B836296-186F-452D-B39B-1E72A467AA8E}.Release|Any CPU.ActiveCfg = Release|Win32
		{4B836296-186F-452D-B39B-1E72A467AA8E}.Release|x64.ActiveCfg = Release|x64
		{4B836296-186F-452D-B39B-1E72A467AA8E}.Release|x64.Build.0 = Release|x64
		{4B836296-186F-452D-B39B-1E72A467AA8E}.Release|x86.ActiveCfg = Release|Win32
		{4B836296-186F-452D-B39B-1E72A467AA8E}.Release|x86.Build.0 = Release|Win32
		{A66DE94F-AB13-48B7-B123-791EDC1AFABE}.Debug|Any CPU.ActiveCfg = Debug|Win32
		{A66DE94F-AB13-48B7-B123-791EDC1AFABE}.Debug|x64.ActiveCfg = Debug|x64
		{A66DE94F-AB13-48B7-B123-791EDC1AFABE}.Debug|x64.Build.0 = Debug|x64
		{A66DE94F-AB13-48B7-B123-791EDC1AFABE}.Debug|x86.ActiveCfg = Debug|Win32
		{A66DE94F-AB13-48B7-B123-791EDC1AFABE}.Debug|x86.Build.0 = Debug|Win32
		{A66DE94F-AB13-48B7-B123-791EDC1AFABE}.Release|Any CPU.ActiveCfg = Release|Win32
		{A66DE94F-AB13-48B7-B123-791EDC1AFABE}.Release|x64.ActiveCfg = Release|x64
		{A66DE94F-AB13-48B7-B123-791EDC1AFABE}.Release|x64.Build.0 = Release|x64
		{A66DE94F-AB13-48B7-B123-791EDC1AFABE}.Release|x86.ActiveCfg = Release|Win32
		{A66DE94F-AB13-48B7-B123-791EDC1AFABE}.Release|x86.Build.0 = Release|Win32
		{FE013ABB-BC2E-471C-8FBF-FA39DC330555}.Debug|Any CPU.ActiveCfg = Debug|Any CPU
		{FE013ABB-BC2E-471C-8FBF-FA39DC330555}.Debug|Any CPU.Build.0 = Debug|Any CPU
		{FE013ABB-BC2E-471C-8FBF-FA39DC330555}.Debug|x64.ActiveCfg = Debug|Any CPU
		{FE013ABB-BC2E-471C-8FBF-FA39DC330555}.Debug|x64.Build.0 = Debug|Any CPU
		{FE013ABB-BC2E-471C-8FBF-FA39DC330555}.Debug|x86.ActiveCfg = Debug|Any CPU
		{FE013ABB-BC2E-471C-8FBF-FA39DC330555}.Debug|x86.Build.0 = Debug|Any CPU
		{FE013ABB-BC2E-471C-8FBF-FA39DC330555}.Release|Any CPU.ActiveCfg = Release|Any CPU
		{FE013ABB-BC2E-471C-8FBF-FA39DC330555}.Release|Any CPU.Build.0 = Release|Any CPU
		{FE013ABB-BC2E-471C-8FBF-FA39DC330555}.Release|x64.ActiveCfg = Release|Any CPU
		{FE013ABB-BC2E-471C-8FBF-FA39DC330555}.Release|x64.Build.0 = Release|Any CPU
		{FE013ABB-BC2E-471C-8FBF-FA39DC330555}.Release|x86.ActiveCfg = Release|Any CPU
		{FE013ABB-BC2E-471C-8FBF-FA39DC330555}.Release|x86.Build.0 = Release|Any CPU
		{BAB40764-1D0F-4A31-8915-E473264099C1}.Debug|Any CPU.ActiveCfg = Debug|Any CPU
		{BAB40764-1D0F-4A31-8915-E473264099C1}.Debug|Any CPU.Build.0 = Debug|Any CPU
		{BAB40764-1D0F-4A31-8915-E473264099C1}.Debug|x64.ActiveCfg = Debug|Any CPU
		{BAB40764-1D0F-4A31-8915-E473264099C1}.Debug|x64.Build.0 = Debug|Any CPU
		{BAB40764-1D0F-4A31-8915-E473264099C1}.Debug|x86.ActiveCfg = Debug|Any CPU
		{BAB40764-1D0F-4A31-8915-E473264099C1}.Debug|x86.Build.0 = Debug|Any CPU
		{BAB40764-1D0F-4A31-8915-E473264099C1}.Release|Any CPU.ActiveCfg = Release|Any CPU
		{BAB40764-1D0F-4A31-8915-E473264099C1}.Release|Any CPU.Build.0 = Release|Any CPU
		{BAB40764-1D0F-4A31-8915-E473264099C1}.Release|x64.ActiveCfg = Release|Any CPU
		{BAB40764-1D0F-4A31-8915-E473264099C1}.Release|x64.Build.0 = Release|Any CPU
		{BAB40764-1D0F-4A31-8915-E473264099C1}.Release|x86.ActiveCfg = Release|Any CPU
		{BAB40764-1D0F-4A31-8915-E473264099C1}.Release|x86.Build.0 = Release|Any CPU
		{A96FFC7F-36F5-49AA-8042-ABCA1F804852}.Debug|Any CPU.ActiveCfg = Debug|Win32
		{A96FFC7F-36F5-49AA-8042-ABCA1F804852}.Debug|x64.ActiveCfg = Debug|x64
		{A96FFC7F-36F5-49AA-8042-ABCA1F804852}.Debug|x64.Build.0 = Debug|x64
		{A96FFC7F-36F5-49AA-8042-ABCA1F804852}.Debug|x86.ActiveCfg = Debug|Win32
		{A96FFC7F-36F5-49AA-8042-ABCA1F804852}.Debug|x86.Build.0 = Debug|Win32
		{A96FFC7F-36F5-49AA-8042-ABCA1F804852}.Release|Any CPU.ActiveCfg = Release|Win32
		{A96FFC7F-36F5-49AA-8042-ABCA1F804852}.Release|x64.ActiveCfg = Release|x64
		{A96FFC7F-36F5-49AA-8042-ABCA1F804852}.Release|x64.Build.0 = Release|x64
		{A96FFC7F-36F5-49AA-8042-ABCA1F804852}.Release|x86.ActiveCfg = Release|Win32
		{A96FFC7F-36F5-49AA-8042-ABCA1F804852}.Release|x86.Build.0 = Release|Win32
		{D0F13FDE-F4A1-4BF5-B4E3-6AC430143F29}.Debug|Any CPU.ActiveCfg = Debug|Any CPU
		{D0F13FDE-F4A1-4BF5-B4E3-6AC430143F29}.Debug|Any CPU.Build.0 = Debug|Any CPU
		{D0F13FDE-F4A1-4BF5-B4E3-6AC430143F29}.Debug|x64.ActiveCfg = Debug|Any CPU
		{D0F13FDE-F4A1-4BF5-B4E3-6AC430143F29}.Debug|x64.Build.0 = Debug|Any CPU
		{D0F13FDE-F4A1-4BF5-B4E3-6AC430143F29}.Debug|x86.ActiveCfg = Debug|Any CPU
		{D0F13FDE-F4A1-4BF5-B4E3-6AC430143F29}.Debug|x86.Build.0 = Debug|Any CPU
		{D0F13FDE-F4A1-4BF5-B4E3-6AC430143F29}.Release|Any CPU.ActiveCfg = Release|Any CPU
		{D0F13FDE-F4A1-4BF5-B4E3-6AC430143F29}.Release|Any CPU.Build.0 = Release|Any CPU
		{D0F13FDE-F4A1-4BF5-B4E3-6AC430143F29}.Release|x64.ActiveCfg = Release|Any CPU
		{D0F13FDE-F4A1-4BF5-B4E3-6AC430143F29}.Release|x64.Build.0 = Release|Any CPU
		{D0F13FDE-F4A1-4BF5-B4E3-6AC430143F29}.Release|x86.ActiveCfg = Release|Any CPU
		{D0F13FDE-F4A1-4BF5-B4E3-6AC430143F29}.Release|x86.Build.0 = Release|Any CPU
		{E493EDF3-B055-4BDE-A31D-45A56B5997EE}.Debug|Any CPU.ActiveCfg = Debug|Any CPU
		{E493EDF3-B055-4BDE-A31D-45A56B5997EE}.Debug|Any CPU.Build.0 = Debug|Any CPU
		{E493EDF3-B055-4BDE-A31D-45A56B5997EE}.Debug|x64.ActiveCfg = Debug|Any CPU
		{E493EDF3-B055-4BDE-A31D-45A56B5997EE}.Debug|x64.Build.0 = Debug|Any CPU
		{E493EDF3-B055-4BDE-A31D-45A56B5997EE}.Debug|x86.ActiveCfg = Debug|Any CPU
		{E493EDF3-B055-4BDE-A31D-45A56B5997EE}.Debug|x86.Build.0 = Debug|Any CPU
		{E493EDF3-B055-4BDE-A31D-45A56B5997EE}.Release|Any CPU.ActiveCfg = Release|Any CPU
		{E493EDF3-B055-4BDE-A31D-45A56B5997EE}.Release|Any CPU.Build.0 = Release|Any CPU
		{E493EDF3-B055-4BDE-A31D-45A56B5997EE}.Release|x64.ActiveCfg = Release|Any CPU
		{E493EDF3-B055-4BDE-A31D-45A56B5997EE}.Release|x64.Build.0 = Release|Any CPU
		{E493EDF3-B055-4BDE-A31D-45A56B5997EE}.Release|x86.ActiveCfg = Release|Any CPU
		{E493EDF3-B055-4BDE-A31D-45A56B5997EE}.Release|x86.Build.0 = Release|Any CPU
		{06F6D6A0-6E3B-474D-916B-B2DB4235B925}.Debug|Any CPU.ActiveCfg = Debug|x64
		{06F6D6A0-6E3B-474D-916B-B2DB4235B925}.Debug|Any CPU.Build.0 = Debug|x64
		{06F6D6A0-6E3B-474D-916B-B2DB4235B925}.Debug|x64.ActiveCfg = Debug|x64
		{06F6D6A0-6E3B-474D-916B-B2DB4235B925}.Debug|x64.Build.0 = Debug|x64
		{06F6D6A0-6E3B-474D-916B-B2DB4235B925}.Debug|x86.ActiveCfg = Debug|Win32
		{06F6D6A0-6E3B-474D-916B-B2DB4235B925}.Debug|x86.Build.0 = Debug|Win32
		{06F6D6A0-6E3B-474D-916B-B2DB4235B925}.Release|Any CPU.ActiveCfg = Release|x64
		{06F6D6A0-6E3B-474D-916B-B2DB4235B925}.Release|Any CPU.Build.0 = Release|x64
		{06F6D6A0-6E3B-474D-916B-B2DB4235B925}.Release|x64.ActiveCfg = Release|x64
		{06F6D6A0-6E3B-474D-916B-B2DB4235B925}.Release|x64.Build.0 = Release|x64
		{06F6D6A0-6E3B-474D-916B-B2DB4235B925}.Release|x86.ActiveCfg = Release|Win32
		{06F6D6A0-6E3B-474D-916B-B2DB4235B925}.Release|x86.Build.0 = Release|Win32
		{6B9DBC9A-2CB5-40BB-81E2-3813BD03F1A2}.Debug|Any CPU.ActiveCfg = Debug|Any CPU
		{6B9DBC9A-2CB5-40BB-81E2-3813BD03F1A2}.Debug|Any CPU.Build.0 = Debug|Any CPU
		{6B9DBC9A-2CB5-40BB-81E2-3813BD03F1A2}.Debug|x64.ActiveCfg = Debug|Any CPU
		{6B9DBC9A-2CB5-40BB-81E2-3813BD03F1A2}.Debug|x64.Build.0 = Debug|Any CPU
		{6B9DBC9A-2CB5-40BB-81E2-3813BD03F1A2}.Debug|x86.ActiveCfg = Debug|Any CPU
		{6B9DBC9A-2CB5-40BB-81E2-3813BD03F1A2}.Debug|x86.Build.0 = Debug|Any CPU
		{6B9DBC9A-2CB5-40BB-81E2-3813BD03F1A2}.Release|Any CPU.ActiveCfg = Release|Any CPU
		{6B9DBC9A-2CB5-40BB-81E2-3813BD03F1A2}.Release|Any CPU.Build.0 = Release|Any CPU
		{6B9DBC9A-2CB5-40BB-81E2-3813BD03F1A2}.Release|x64.ActiveCfg = Release|Any CPU
		{6B9DBC9A-2CB5-40BB-81E2-3813BD03F1A2}.Release|x64.Build.0 = Release|Any CPU
		{6B9DBC9A-2CB5-40BB-81E2-3813BD03F1A2}.Release|x86.ActiveCfg = Release|Any CPU
		{6B9DBC9A-2CB5-40BB-81E2-3813BD03F1A2}.Release|x86.Build.0 = Release|Any CPU
		{2FE73DAB-03C0-488D-9DD0-64176BE3BFA0}.Debug|Any CPU.ActiveCfg = Debug|Any CPU
		{2FE73DAB-03C0-488D-9DD0-64176BE3BFA0}.Debug|Any CPU.Build.0 = Debug|Any CPU
		{2FE73DAB-03C0-488D-9DD0-64176BE3BFA0}.Debug|x64.ActiveCfg = Debug|Any CPU
		{2FE73DAB-03C0-488D-9DD0-64176BE3BFA0}.Debug|x64.Build.0 = Debug|Any CPU
		{2FE73DAB-03C0-488D-9DD0-64176BE3BFA0}.Debug|x86.ActiveCfg = Debug|Any CPU
		{2FE73DAB-03C0-488D-9DD0-64176BE3BFA0}.Debug|x86.Build.0 = Debug|Any CPU
		{2FE73DAB-03C0-488D-9DD0-64176BE3BFA0}.Release|Any CPU.ActiveCfg = Release|Any CPU
		{2FE73DAB-03C0-488D-9DD0-64176BE3BFA0}.Release|Any CPU.Build.0 = Release|Any CPU
		{2FE73DAB-03C0-488D-9DD0-64176BE3BFA0}.Release|x64.ActiveCfg = Release|Any CPU
		{2FE73DAB-03C0-488D-9DD0-64176BE3BFA0}.Release|x64.Build.0 = Release|Any CPU
		{2FE73DAB-03C0-488D-9DD0-64176BE3BFA0}.Release|x86.ActiveCfg = Release|Any CPU
		{2FE73DAB-03C0-488D-9DD0-64176BE3BFA0}.Release|x86.Build.0 = Release|Any CPU
		{59865753-F4BE-41EF-8B9C-CD804309C4FB}.Debug|Any CPU.ActiveCfg = Debug|Any CPU
		{59865753-F4BE-41EF-8B9C-CD804309C4FB}.Debug|Any CPU.Build.0 = Debug|Any CPU
		{59865753-F4BE-41EF-8B9C-CD804309C4FB}.Debug|x64.ActiveCfg = Debug|Any CPU
		{59865753-F4BE-41EF-8B9C-CD804309C4FB}.Debug|x64.Build.0 = Debug|Any CPU
		{59865753-F4BE-41EF-8B9C-CD804309C4FB}.Debug|x86.ActiveCfg = Debug|Any CPU
		{59865753-F4BE-41EF-8B9C-CD804309C4FB}.Debug|x86.Build.0 = Debug|Any CPU
		{59865753-F4BE-41EF-8B9C-CD804309C4FB}.Release|Any CPU.ActiveCfg = Release|Any CPU
		{59865753-F4BE-41EF-8B9C-CD804309C4FB}.Release|Any CPU.Build.0 = Release|Any CPU
		{59865753-F4BE-41EF-8B9C-CD804309C4FB}.Release|x64.ActiveCfg = Release|Any CPU
		{59865753-F4BE-41EF-8B9C-CD804309C4FB}.Release|x64.Build.0 = Release|Any CPU
		{59865753-F4BE-41EF-8B9C-CD804309C4FB}.Release|x86.ActiveCfg = Release|Any CPU
		{59865753-F4BE-41EF-8B9C-CD804309C4FB}.Release|x86.Build.0 = Release|Any CPU
		{F81A2437-A847-4149-9C47-3F5710C67779}.Debug|Any CPU.ActiveCfg = Debug|Win32
		{F81A2437-A847-4149-9C47-3F5710C67779}.Debug|x64.ActiveCfg = Debug|x64
		{F81A2437-A847-4149-9C47-3F5710C67779}.Debug|x64.Build.0 = Debug|x64
		{F81A2437-A847-4149-9C47-3F5710C67779}.Debug|x86.ActiveCfg = Debug|Win32
		{F81A2437-A847-4149-9C47-3F5710C67779}.Debug|x86.Build.0 = Debug|Win32
		{F81A2437-A847-4149-9C47-3F5710C67779}.Release|Any CPU.ActiveCfg = Release|Win32
		{F81A2437-A847-4149-9C47-3F5710C67779}.Release|x64.ActiveCfg = Release|x64
		{F81A2437-A847-4149-9C47-3F5710C67779}.Release|x64.Build.0 = Release|x64
		{F81A2437-A847-4149-9C47-3F5710C67779}.Release|x86.ActiveCfg = Release|Win32
		{F81A2437-A847-4149-9C47-3F5710C67779}.Release|x86.Build.0 = Release|Win32
		{4BB5D6F4-706F-41E7-86E0-A09B4D1A9888}.Debug|Any CPU.ActiveCfg = Debug|Any CPU
		{4BB5D6F4-706F-41E7-86E0-A09B4D1A9888}.Debug|Any CPU.Build.0 = Debug|Any CPU
		{4BB5D6F4-706F-41E7-86E0-A09B4D1A9888}.Debug|x64.ActiveCfg = Debug|Any CPU
		{4BB5D6F4-706F-41E7-86E0-A09B4D1A9888}.Debug|x64.Build.0 = Debug|Any CPU
		{4BB5D6F4-706F-41E7-86E0-A09B4D1A9888}.Debug|x86.ActiveCfg = Debug|Any CPU
		{4BB5D6F4-706F-41E7-86E0-A09B4D1A9888}.Debug|x86.Build.0 = Debug|Any CPU
		{4BB5D6F4-706F-41E7-86E0-A09B4D1A9888}.Release|Any CPU.ActiveCfg = Release|Any CPU
		{4BB5D6F4-706F-41E7-86E0-A09B4D1A9888}.Release|Any CPU.Build.0 = Release|Any CPU
		{4BB5D6F4-706F-41E7-86E0-A09B4D1A9888}.Release|x64.ActiveCfg = Release|Any CPU
		{4BB5D6F4-706F-41E7-86E0-A09B4D1A9888}.Release|x64.Build.0 = Release|Any CPU
		{4BB5D6F4-706F-41E7-86E0-A09B4D1A9888}.Release|x86.ActiveCfg = Release|Any CPU
		{4BB5D6F4-706F-41E7-86E0-A09B4D1A9888}.Release|x86.Build.0 = Release|Any CPU
		{003114B0-F9DD-4766-9999-841870B4C736}.Debug|Any CPU.ActiveCfg = Debug|Any CPU
		{003114B0-F9DD-4766-9999-841870B4C736}.Debug|Any CPU.Build.0 = Debug|Any CPU
		{003114B0-F9DD-4766-9999-841870B4C736}.Debug|x64.ActiveCfg = Debug|Any CPU
		{003114B0-F9DD-4766-9999-841870B4C736}.Debug|x64.Build.0 = Debug|Any CPU
		{003114B0-F9DD-4766-9999-841870B4C736}.Debug|x86.ActiveCfg = Debug|Any CPU
		{003114B0-F9DD-4766-9999-841870B4C736}.Debug|x86.Build.0 = Debug|Any CPU
		{003114B0-F9DD-4766-9999-841870B4C736}.Release|Any CPU.ActiveCfg = Release|Any CPU
		{003114B0-F9DD-4766-9999-841870B4C736}.Release|Any CPU.Build.0 = Release|Any CPU
		{003114B0-F9DD-4766-9999-841870B4C736}.Release|x64.ActiveCfg = Release|Any CPU
		{003114B0-F9DD-4766-9999-841870B4C736}.Release|x64.Build.0 = Release|Any CPU
		{003114B0-F9DD-4766-9999-841870B4C736}.Release|x86.ActiveCfg = Release|Any CPU
		{003114B0-F9DD-4766-9999-841870B4C736}.Release|x86.Build.0 = Release|Any CPU
		{870C5693-C24D-4FE5-A134-E3D4F9E42C5C}.Debug|Any CPU.ActiveCfg = Debug|Any CPU
		{870C5693-C24D-4FE5-A134-E3D4F9E42C5C}.Debug|Any CPU.Build.0 = Debug|Any CPU
		{870C5693-C24D-4FE5-A134-E3D4F9E42C5C}.Debug|x64.ActiveCfg = Debug|Any CPU
		{870C5693-C24D-4FE5-A134-E3D4F9E42C5C}.Debug|x64.Build.0 = Debug|Any CPU
		{870C5693-C24D-4FE5-A134-E3D4F9E42C5C}.Debug|x86.ActiveCfg = Debug|Any CPU
		{870C5693-C24D-4FE5-A134-E3D4F9E42C5C}.Debug|x86.Build.0 = Debug|Any CPU
		{870C5693-C24D-4FE5-A134-E3D4F9E42C5C}.Release|Any CPU.ActiveCfg = Release|Any CPU
		{870C5693-C24D-4FE5-A134-E3D4F9E42C5C}.Release|Any CPU.Build.0 = Release|Any CPU
		{870C5693-C24D-4FE5-A134-E3D4F9E42C5C}.Release|x64.ActiveCfg = Release|Any CPU
		{870C5693-C24D-4FE5-A134-E3D4F9E42C5C}.Release|x64.Build.0 = Release|Any CPU
		{870C5693-C24D-4FE5-A134-E3D4F9E42C5C}.Release|x86.ActiveCfg = Release|Any CPU
		{870C5693-C24D-4FE5-A134-E3D4F9E42C5C}.Release|x86.Build.0 = Release|Any CPU
		{44C62174-6293-4251-8759-FDF3CFA7715E}.Debug|Any CPU.ActiveCfg = Debug|Any CPU
		{44C62174-6293-4251-8759-FDF3CFA7715E}.Debug|Any CPU.Build.0 = Debug|Any CPU
		{44C62174-6293-4251-8759-FDF3CFA7715E}.Debug|x64.ActiveCfg = Debug|Any CPU
		{44C62174-6293-4251-8759-FDF3CFA7715E}.Debug|x64.Build.0 = Debug|Any CPU
		{44C62174-6293-4251-8759-FDF3CFA7715E}.Debug|x86.ActiveCfg = Debug|Any CPU
		{44C62174-6293-4251-8759-FDF3CFA7715E}.Debug|x86.Build.0 = Debug|Any CPU
		{44C62174-6293-4251-8759-FDF3CFA7715E}.Release|Any CPU.ActiveCfg = Release|Any CPU
		{44C62174-6293-4251-8759-FDF3CFA7715E}.Release|Any CPU.Build.0 = Release|Any CPU
		{44C62174-6293-4251-8759-FDF3CFA7715E}.Release|x64.ActiveCfg = Release|Any CPU
		{44C62174-6293-4251-8759-FDF3CFA7715E}.Release|x64.Build.0 = Release|Any CPU
		{44C62174-6293-4251-8759-FDF3CFA7715E}.Release|x86.ActiveCfg = Release|Any CPU
		{44C62174-6293-4251-8759-FDF3CFA7715E}.Release|x86.Build.0 = Release|Any CPU
		{16C4972B-D5DF-4D98-9146-D90B52809D71}.Debug|Any CPU.ActiveCfg = Debug|Win32
		{16C4972B-D5DF-4D98-9146-D90B52809D71}.Debug|x64.ActiveCfg = Debug|x64
		{16C4972B-D5DF-4D98-9146-D90B52809D71}.Debug|x64.Build.0 = Debug|x64
		{16C4972B-D5DF-4D98-9146-D90B52809D71}.Debug|x86.ActiveCfg = Debug|Win32
		{16C4972B-D5DF-4D98-9146-D90B52809D71}.Debug|x86.Build.0 = Debug|Win32
		{16C4972B-D5DF-4D98-9146-D90B52809D71}.Release|Any CPU.ActiveCfg = Release|Win32
		{16C4972B-D5DF-4D98-9146-D90B52809D71}.Release|x64.ActiveCfg = Release|x64
		{16C4972B-D5DF-4D98-9146-D90B52809D71}.Release|x64.Build.0 = Release|x64
		{16C4972B-D5DF-4D98-9146-D90B52809D71}.Release|x86.ActiveCfg = Release|Win32
		{16C4972B-D5DF-4D98-9146-D90B52809D71}.Release|x86.Build.0 = Release|Win32
		{B8374716-B8A2-4EDA-9369-868FD79D1935}.Debug|Any CPU.ActiveCfg = Debug|Win32
		{B8374716-B8A2-4EDA-9369-868FD79D1935}.Debug|x64.ActiveCfg = Debug|x64
		{B8374716-B8A2-4EDA-9369-868FD79D1935}.Debug|x64.Build.0 = Debug|x64
		{B8374716-B8A2-4EDA-9369-868FD79D1935}.Debug|x86.ActiveCfg = Debug|Win32
		{B8374716-B8A2-4EDA-9369-868FD79D1935}.Debug|x86.Build.0 = Debug|Win32
		{B8374716-B8A2-4EDA-9369-868FD79D1935}.Release|Any CPU.ActiveCfg = Release|Win32
		{B8374716-B8A2-4EDA-9369-868FD79D1935}.Release|x64.ActiveCfg = Release|x64
		{B8374716-B8A2-4EDA-9369-868FD79D1935}.Release|x64.Build.0 = Release|x64
		{B8374716-B8A2-4EDA-9369-868FD79D1935}.Release|x86.ActiveCfg = Release|Win32
		{B8374716-B8A2-4EDA-9369-868FD79D1935}.Release|x86.Build.0 = Release|Win32
		{BAD72B89-50B5-45A0-85D7-239672FAF95F}.Debug|Any CPU.ActiveCfg = Debug|Win32
		{BAD72B89-50B5-45A0-85D7-239672FAF95F}.Debug|x64.ActiveCfg = Debug|x64
		{BAD72B89-50B5-45A0-85D7-239672FAF95F}.Debug|x64.Build.0 = Debug|x64
		{BAD72B89-50B5-45A0-85D7-239672FAF95F}.Debug|x86.ActiveCfg = Debug|Win32
		{BAD72B89-50B5-45A0-85D7-239672FAF95F}.Debug|x86.Build.0 = Debug|Win32
		{BAD72B89-50B5-45A0-85D7-239672FAF95F}.Release|Any CPU.ActiveCfg = Release|Win32
		{BAD72B89-50B5-45A0-85D7-239672FAF95F}.Release|x64.ActiveCfg = Release|x64
		{BAD72B89-50B5-45A0-85D7-239672FAF95F}.Release|x64.Build.0 = Release|x64
		{BAD72B89-50B5-45A0-85D7-239672FAF95F}.Release|x86.ActiveCfg = Release|Win32
		{BAD72B89-50B5-45A0-85D7-239672FAF95F}.Release|x86.Build.0 = Release|Win32
		{F7953BF5-A5C3-4CD1-8B50-51A9D89E06A4}.Debug|Any CPU.ActiveCfg = Debug|Win32
		{F7953BF5-A5C3-4CD1-8B50-51A9D89E06A4}.Debug|x64.ActiveCfg = Debug|x64
		{F7953BF5-A5C3-4CD1-8B50-51A9D89E06A4}.Debug|x64.Build.0 = Debug|x64
		{F7953BF5-A5C3-4CD1-8B50-51A9D89E06A4}.Debug|x86.ActiveCfg = Debug|Win32
		{F7953BF5-A5C3-4CD1-8B50-51A9D89E06A4}.Debug|x86.Build.0 = Debug|Win32
		{F7953BF5-A5C3-4CD1-8B50-51A9D89E06A4}.Release|Any CPU.ActiveCfg = Release|Win32
		{F7953BF5-A5C3-4CD1-8B50-51A9D89E06A4}.Release|x64.ActiveCfg = Release|x64
		{F7953BF5-A5C3-4CD1-8B50-51A9D89E06A4}.Release|x64.Build.0 = Release|x64
		{F7953BF5-A5C3-4CD1-8B50-51A9D89E06A4}.Release|x86.ActiveCfg = Release|Win32
		{F7953BF5-A5C3-4CD1-8B50-51A9D89E06A4}.Release|x86.Build.0 = Release|Win32
		{C9F7116D-19B7-48C3-9679-563EA5783F70}.Debug|Any CPU.ActiveCfg = Debug|Win32
		{C9F7116D-19B7-48C3-9679-563EA5783F70}.Debug|x64.ActiveCfg = Debug|x64
		{C9F7116D-19B7-48C3-9679-563EA5783F70}.Debug|x86.ActiveCfg = Debug|Win32
		{C9F7116D-19B7-48C3-9679-563EA5783F70}.Release|Any CPU.ActiveCfg = Release|Win32
		{C9F7116D-19B7-48C3-9679-563EA5783F70}.Release|x64.ActiveCfg = Release|x64
		{C9F7116D-19B7-48C3-9679-563EA5783F70}.Release|x86.ActiveCfg = Release|Win32
	EndGlobalSection
	GlobalSection(SolutionProperties) = preSolution
		HideSolutionNode = FALSE
	EndGlobalSection
	GlobalSection(ExtensibilityGlobals) = postSolution
		SolutionGuid = {B96FA884-7101-444B-AFED-915BF200D3E4}
	EndGlobalSection
EndGlobal
